
Microsoft Visual Studio Solution File, Format Version 12.00
# Visual Studio Version 17
VisualStudioVersion = 17.3.32708.82
MinimumVisualStudioVersion = 10.0.40219.1
Project("{9A19103F-16F7-4668-BE54-9A1E7A4F7556}") = "Wu.CommTool", "Wu.CommTool\Wu.CommTool.csproj", "{44756F51-56DA-46B4-8240-65B8E77FA818}"
EndProject
Project("{2150E333-8FDC-42A3-9474-1A3956D46DE8}") = "解决方案项", "解决方案项", "{95EC04C0-017D-4017-8891-3B531258A076}"
	ProjectSection(SolutionItems) = preProject
		LICENSE.txt = LICENSE.txt
	EndProjectSection
EndProject
Project("{2150E333-8FDC-42A3-9474-1A3956D46DE8}") = "Modules", "Modules", "{3BC16164-D552-45D4-A500-4262CF548710}"
EndProject
Project("{9A19103F-16F7-4668-BE54-9A1E7A4F7556}") = "Wu.CommTool.Core", "Wu.CommTool.Core\Wu.CommTool.Core.csproj", "{148FD692-6990-46A1-9659-D48BAC6DC1FA}"
EndProject
Project("{9A19103F-16F7-4668-BE54-9A1E7A4F7556}") = "Wu.CommTool.Modules.ModbusTcp", "Modules\Wu.CommTool.Modules.ModbusTcp\Wu.CommTool.Modules.ModbusTcp.csproj", "{79149B11-F3E0-4B05-B8E4-EFA27A11A0A0}"
EndProject
Project("{9A19103F-16F7-4668-BE54-9A1E7A4F7556}") = "Wu.CommTool.Modules.About", "Modules\Wu.CommTool.Modules.About\Wu.CommTool.Modules.About.csproj", "{43ED2DE9-95B7-4F52-BDEE-E1A72F5D611E}"
EndProject
Project("{9A19103F-16F7-4668-BE54-9A1E7A4F7556}") = "Wu.CommTool.Modules.ConvertTools", "Modules\Wu.CommTool.Modules.ConvertTools\Wu.CommTool.Modules.ConvertTools.csproj", "{37690D19-C1AC-4F77-88CC-D26F4407314C}"
EndProject
Project("{9A19103F-16F7-4668-BE54-9A1E7A4F7556}") = "Wu.CommTool.Modules.Message", "Modules\Wu.CommTool.Modules.Message\Wu.CommTool.Modules.Message.csproj", "{8913D970-006D-4EAB-B101-4BAB65F2ED39}"
EndProject
Project("{9A19103F-16F7-4668-BE54-9A1E7A4F7556}") = "Wu.CommTool.Modules.JsonTool", "Modules\Wu.CommTool.Modules.JsonTool\Wu.CommTool.Modules.JsonTool.csproj", "{988FB9D2-BF3D-4364-8FA4-3D06C0F3D77B}"
EndProject
Project("{9A19103F-16F7-4668-BE54-9A1E7A4F7556}") = "Wu.CommTool.Modules.MqttServer", "Modules\Wu.CommTool.Modules.MqttServer\Wu.CommTool.Modules.MqttServer.csproj", "{8F0A328B-2FA3-47C1-AA4F-16B70C403FED}"
EndProject
Project("{9A19103F-16F7-4668-BE54-9A1E7A4F7556}") = "Wu.CommTool.Modules.MqttClient", "Modules\Wu.CommTool.Modules.MqttClient\Wu.CommTool.Modules.MqttClient.csproj", "{37A93862-E7A0-4D7B-AF79-E66D3BAF7F98}"
EndProject
Project("{9A19103F-16F7-4668-BE54-9A1E7A4F7556}") = "Wu.CommTool.Modules.ModbusRtu", "Modules\Wu.CommTool.Modules.ModbusRtu\Wu.CommTool.Modules.ModbusRtu.csproj", "{9B266E31-CFAA-48FE-81ED-CD2F85778E32}"
EndProject
Project("{9A19103F-16F7-4668-BE54-9A1E7A4F7556}") = "Wu.CommTool.Modules.NetworkTool", "Modules\Wu.CommTool.Modules.NetworkTool\Wu.CommTool.Modules.NetworkTool.csproj", "{E678465E-75A2-45EA-9BFD-4F69F2F11691}"
EndProject
Project("{9A19103F-16F7-4668-BE54-9A1E7A4F7556}") = "Wu.CommTool.DynamicTheme.Resources", "Wu.CommTool.DynamicTheme.Resources\Wu.CommTool.DynamicTheme.Resources.csproj", "{73FEB01A-BA35-4F42-9FE8-281244C1A3D3}"
EndProject
Project("{FAE04EC0-301F-11D3-BF4B-00C04F79EFBC}") = "Wu.CommTool.DynamicTheme.Core", "Wu.CommTool.DynamicTheme.Core\Wu.CommTool.DynamicTheme.Core.csproj", "{05BAD40D-CB41-45FB-BA1A-808FA64AEF67}"
EndProject
Project("{FAE04EC0-301F-11D3-BF4B-00C04F79EFBC}") = "Wu.CommTool.Modules.ModbusAscii", "Modules\Wu.CommTool.Modules.ModbusAscii\Wu.CommTool.Modules.ModbusAscii.csproj", "{B60D1A1A-1F49-47D3-B572-57C4C2B8B712}"
EndProject
Project("{FAE04EC0-301F-11D3-BF4B-00C04F79EFBC}") = "Wu.CommTool.Modules.TcpServer", "Modules\Wu.CommTool.Modules.TcpServer\Wu.CommTool.Modules.TcpServer.csproj", "{44CD96F8-9086-4317-81C6-D75D6C2C52F0}"
EndProject
Project("{FAE04EC0-301F-11D3-BF4B-00C04F79EFBC}") = "Wu.CommTool.Modules.TcpClient", "Modules\Wu.CommTool.Modules.TcpClient\Wu.CommTool.Modules.TcpClient.csproj", "{08710F6C-BFA0-447D-AD38-C79A7CC7D96F}"
EndProject
Project("{FAE04EC0-301F-11D3-BF4B-00C04F79EFBC}") = "Wu.CommTool.Modules.MrtuSlave", "Modules\Wu.CommTool.Modules.MrtuSlave\Wu.CommTool.Modules.MrtuSlave.csproj", "{90FAF68E-2604-477C-8B19-5E1D72108280}"
EndProject
Project("{FAE04EC0-301F-11D3-BF4B-00C04F79EFBC}") = "Wu.CommTool.Modules.Udp", "Modules\Wu.CommTool.Modules.Udp\Wu.CommTool.Modules.Udp.csproj", "{3EFF7515-3F65-4BF4-94FF-3009EB761100}"
EndProject
Project("{FAE04EC0-301F-11D3-BF4B-00C04F79EFBC}") = "Wu.CommTool.Modules.Uart", "Modules\Wu.CommTool.Modules.Uart\Wu.CommTool.Modules.Uart.csproj", "{9FD7438B-2AB7-BF3E-D98D-5954F8AB0A12}"
EndProject
Global
	GlobalSection(SolutionConfigurationPlatforms) = preSolution
		Debug|Any CPU = Debug|Any CPU
		Release|Any CPU = Release|Any CPU
	EndGlobalSection
	GlobalSection(ProjectConfigurationPlatforms) = postSolution
		{44756F51-56DA-46B4-8240-65B8E77FA818}.Debug|Any CPU.ActiveCfg = Debug|Any CPU
		{44756F51-56DA-46B4-8240-65B8E77FA818}.Debug|Any CPU.Build.0 = Debug|Any CPU
		{44756F51-56DA-46B4-8240-65B8E77FA818}.Release|Any CPU.ActiveCfg = Release|Any CPU
		{44756F51-56DA-46B4-8240-65B8E77FA818}.Release|Any CPU.Build.0 = Release|Any CPU
		{148FD692-6990-46A1-9659-D48BAC6DC1FA}.Debug|Any CPU.ActiveCfg = Debug|Any CPU
		{148FD692-6990-46A1-9659-D48BAC6DC1FA}.Debug|Any CPU.Build.0 = Debug|Any CPU
		{148FD692-6990-46A1-9659-D48BAC6DC1FA}.Release|Any CPU.ActiveCfg = Release|Any CPU
		{148FD692-6990-46A1-9659-D48BAC6DC1FA}.Release|Any CPU.Build.0 = Release|Any CPU
		{79149B11-F3E0-4B05-B8E4-EFA27A11A0A0}.Debug|Any CPU.ActiveCfg = Debug|Any CPU
		{79149B11-F3E0-4B05-B8E4-EFA27A11A0A0}.Debug|Any CPU.Build.0 = Debug|Any CPU
		{79149B11-F3E0-4B05-B8E4-EFA27A11A0A0}.Release|Any CPU.ActiveCfg = Release|Any CPU
		{79149B11-F3E0-4B05-B8E4-EFA27A11A0A0}.Release|Any CPU.Build.0 = Release|Any CPU
		{43ED2DE9-95B7-4F52-BDEE-E1A72F5D611E}.Debug|Any CPU.ActiveCfg = Debug|Any CPU
		{43ED2DE9-95B7-4F52-BDEE-E1A72F5D611E}.Debug|Any CPU.Build.0 = Debug|Any CPU
		{43ED2DE9-95B7-4F52-BDEE-E1A72F5D611E}.Release|Any CPU.ActiveCfg = Release|Any CPU
		{43ED2DE9-95B7-4F52-BDEE-E1A72F5D611E}.Release|Any CPU.Build.0 = Release|Any CPU
		{37690D19-C1AC-4F77-88CC-D26F4407314C}.Debug|Any CPU.ActiveCfg = Debug|Any CPU
		{37690D19-C1AC-4F77-88CC-D26F4407314C}.Debug|Any CPU.Build.0 = Debug|Any CPU
		{37690D19-C1AC-4F77-88CC-D26F4407314C}.Release|Any CPU.ActiveCfg = Release|Any CPU
		{37690D19-C1AC-4F77-88CC-D26F4407314C}.Release|Any CPU.Build.0 = Release|Any CPU
		{8913D970-006D-4EAB-B101-4BAB65F2ED39}.Debug|Any CPU.ActiveCfg = Debug|Any CPU
		{8913D970-006D-4EAB-B101-4BAB65F2ED39}.Debug|Any CPU.Build.0 = Debug|Any CPU
		{8913D970-006D-4EAB-B101-4BAB65F2ED39}.Release|Any CPU.ActiveCfg = Release|Any CPU
		{8913D970-006D-4EAB-B101-4BAB65F2ED39}.Release|Any CPU.Build.0 = Release|Any CPU
		{988FB9D2-BF3D-4364-8FA4-3D06C0F3D77B}.Debug|Any CPU.ActiveCfg = Debug|Any CPU
		{988FB9D2-BF3D-4364-8FA4-3D06C0F3D77B}.Debug|Any CPU.Build.0 = Debug|Any CPU
		{988FB9D2-BF3D-4364-8FA4-3D06C0F3D77B}.Release|Any CPU.ActiveCfg = Release|Any CPU
		{988FB9D2-BF3D-4364-8FA4-3D06C0F3D77B}.Release|Any CPU.Build.0 = Release|Any CPU
		{8F0A328B-2FA3-47C1-AA4F-16B70C403FED}.Debug|Any CPU.ActiveCfg = Debug|Any CPU
		{8F0A328B-2FA3-47C1-AA4F-16B70C403FED}.Debug|Any CPU.Build.0 = Debug|Any CPU
		{8F0A328B-2FA3-47C1-AA4F-16B70C403FED}.Release|Any CPU.ActiveCfg = Release|Any CPU
		{8F0A328B-2FA3-47C1-AA4F-16B70C403FED}.Release|Any CPU.Build.0 = Release|Any CPU
		{37A93862-E7A0-4D7B-AF79-E66D3BAF7F98}.Debug|Any CPU.ActiveCfg = Debug|Any CPU
		{37A93862-E7A0-4D7B-AF79-E66D3BAF7F98}.Debug|Any CPU.Build.0 = Debug|Any CPU
		{37A93862-E7A0-4D7B-AF79-E66D3BAF7F98}.Release|Any CPU.ActiveCfg = Release|Any CPU
		{37A93862-E7A0-4D7B-AF79-E66D3BAF7F98}.Release|Any CPU.Build.0 = Release|Any CPU
		{9B266E31-CFAA-48FE-81ED-CD2F85778E32}.Debug|Any CPU.ActiveCfg = Debug|Any CPU
		{9B266E31-CFAA-48FE-81ED-CD2F85778E32}.Debug|Any CPU.Build.0 = Debug|Any CPU
		{9B266E31-CFAA-48FE-81ED-CD2F85778E32}.Release|Any CPU.ActiveCfg = Release|Any CPU
		{9B266E31-CFAA-48FE-81ED-CD2F85778E32}.Release|Any CPU.Build.0 = Release|Any CPU
		{E678465E-75A2-45EA-9BFD-4F69F2F11691}.Debug|Any CPU.ActiveCfg = Debug|Any CPU
		{E678465E-75A2-45EA-9BFD-4F69F2F11691}.Debug|Any CPU.Build.0 = Debug|Any CPU
		{E678465E-75A2-45EA-9BFD-4F69F2F11691}.Release|Any CPU.ActiveCfg = Release|Any CPU
		{E678465E-75A2-45EA-9BFD-4F69F2F11691}.Release|Any CPU.Build.0 = Release|Any CPU
		{73FEB01A-BA35-4F42-9FE8-281244C1A3D3}.Debug|Any CPU.ActiveCfg = Debug|Any CPU
		{73FEB01A-BA35-4F42-9FE8-281244C1A3D3}.Debug|Any CPU.Build.0 = Debug|Any CPU
		{73FEB01A-BA35-4F42-9FE8-281244C1A3D3}.Release|Any CPU.ActiveCfg = Release|Any CPU
		{73FEB01A-BA35-4F42-9FE8-281244C1A3D3}.Release|Any CPU.Build.0 = Release|Any CPU
		{05BAD40D-CB41-45FB-BA1A-808FA64AEF67}.Debug|Any CPU.ActiveCfg = Debug|Any CPU
		{05BAD40D-CB41-45FB-BA1A-808FA64AEF67}.Debug|Any CPU.Build.0 = Debug|Any CPU
		{05BAD40D-CB41-45FB-BA1A-808FA64AEF67}.Release|Any CPU.ActiveCfg = Release|Any CPU
		{05BAD40D-CB41-45FB-BA1A-808FA64AEF67}.Release|Any CPU.Build.0 = Release|Any CPU
		{B60D1A1A-1F49-47D3-B572-57C4C2B8B712}.Debug|Any CPU.ActiveCfg = Debug|Any CPU
		{B60D1A1A-1F49-47D3-B572-57C4C2B8B712}.Debug|Any CPU.Build.0 = Debug|Any CPU
		{B60D1A1A-1F49-47D3-B572-57C4C2B8B712}.Release|Any CPU.ActiveCfg = Release|Any CPU
		{B60D1A1A-1F49-47D3-B572-57C4C2B8B712}.Release|Any CPU.Build.0 = Release|Any CPU
		{44CD96F8-9086-4317-81C6-D75D6C2C52F0}.Debug|Any CPU.ActiveCfg = Debug|Any CPU
		{44CD96F8-9086-4317-81C6-D75D6C2C52F0}.Debug|Any CPU.Build.0 = Debug|Any CPU
		{44CD96F8-9086-4317-81C6-D75D6C2C52F0}.Release|Any CPU.ActiveCfg = Release|Any CPU
		{44CD96F8-9086-4317-81C6-D75D6C2C52F0}.Release|Any CPU.Build.0 = Release|Any CPU
		{08710F6C-BFA0-447D-AD38-C79A7CC7D96F}.Debug|Any CPU.ActiveCfg = Debug|Any CPU
		{08710F6C-BFA0-447D-AD38-C79A7CC7D96F}.Debug|Any CPU.Build.0 = Debug|Any CPU
		{08710F6C-BFA0-447D-AD38-C79A7CC7D96F}.Release|Any CPU.ActiveCfg = Release|Any CPU
		{08710F6C-BFA0-447D-AD38-C79A7CC7D96F}.Release|Any CPU.Build.0 = Release|Any CPU
		{90FAF68E-2604-477C-8B19-5E1D72108280}.Debug|Any CPU.ActiveCfg = Debug|Any CPU
		{90FAF68E-2604-477C-8B19-5E1D72108280}.Debug|Any CPU.Build.0 = Debug|Any CPU
		{90FAF68E-2604-477C-8B19-5E1D72108280}.Release|Any CPU.ActiveCfg = Release|Any CPU
		{90FAF68E-2604-477C-8B19-5E1D72108280}.Release|Any CPU.Build.0 = Release|Any CPU
		{3EFF7515-3F65-4BF4-94FF-3009EB761100}.Debug|Any CPU.ActiveCfg = Debug|Any CPU
		{3EFF7515-3F65-4BF4-94FF-3009EB761100}.Debug|Any CPU.Build.0 = Debug|Any CPU
		{3EFF7515-3F65-4BF4-94FF-3009EB761100}.Release|Any CPU.ActiveCfg = Release|Any CPU
		{3EFF7515-3F65-4BF4-94FF-3009EB761100}.Release|Any CPU.Build.0 = Release|Any CPU
		{9FD7438B-2AB7-BF3E-D98D-5954F8AB0A12}.Debug|Any CPU.ActiveCfg = Debug|Any CPU
		{9FD7438B-2AB7-BF3E-D98D-5954F8AB0A12}.Debug|Any CPU.Build.0 = Debug|Any CPU
		{9FD7438B-2AB7-BF3E-D98D-5954F8AB0A12}.Release|Any CPU.ActiveCfg = Release|Any CPU
		{9FD7438B-2AB7-BF3E-D98D-5954F8AB0A12}.Release|Any CPU.Build.0 = Release|Any CPU
	EndGlobalSection
	GlobalSection(SolutionProperties) = preSolution
		HideSolutionNode = FALSE
	EndGlobalSection
	GlobalSection(NestedProjects) = preSolution
		{79149B11-F3E0-4B05-B8E4-EFA27A11A0A0} = {3BC16164-D552-45D4-A500-4262CF548710}
		{43ED2DE9-95B7-4F52-BDEE-E1A72F5D611E} = {3BC16164-D552-45D4-A500-4262CF548710}
		{37690D19-C1AC-4F77-88CC-D26F4407314C} = {3BC16164-D552-45D4-A500-4262CF548710}
		{8913D970-006D-4EAB-B101-4BAB65F2ED39} = {3BC16164-D552-45D4-A500-4262CF548710}
		{988FB9D2-BF3D-4364-8FA4-3D06C0F3D77B} = {3BC16164-D552-45D4-A500-4262CF548710}
		{8F0A328B-2FA3-47C1-AA4F-16B70C403FED} = {3BC16164-D552-45D4-A500-4262CF548710}
		{37A93862-E7A0-4D7B-AF79-E66D3BAF7F98} = {3BC16164-D552-45D4-A500-4262CF548710}
		{9B266E31-CFAA-48FE-81ED-CD2F85778E32} = {3BC16164-D552-45D4-A500-4262CF548710}
		{E678465E-75A2-45EA-9BFD-4F69F2F11691} = {3BC16164-D552-45D4-A500-4262CF548710}
		{B60D1A1A-1F49-47D3-B572-57C4C2B8B712} = {3BC16164-D552-45D4-A500-4262CF548710}
		{44CD96F8-9086-4317-81C6-D75D6C2C52F0} = {3BC16164-D552-45D4-A500-4262CF548710}
		{08710F6C-BFA0-447D-AD38-C79A7CC7D96F} = {3BC16164-D552-45D4-A500-4262CF548710}
		{90FAF68E-2604-477C-8B19-5E1D72108280} = {3BC16164-D552-45D4-A500-4262CF548710}
		{3EFF7515-3F65-4BF4-94FF-3009EB761100} = {3BC16164-D552-45D4-A500-4262CF548710}
		{9FD7438B-2AB7-BF3E-D98D-5954F8AB0A12} = {3BC16164-D552-45D4-A500-4262CF548710}
	EndGlobalSection
	GlobalSection(ExtensibilityGlobals) = postSolution
		SolutionGuid = {0AE7DA9F-D788-49F4-9DCA-61FBD58DBFE9}
	EndGlobalSection
EndGlobal
