
Microsoft Visual Studio Solution File, Format Version 12.00
# Visual Studio Version 17
VisualStudioVersion = 17.3.32708.82
MinimumVisualStudioVersion = 10.0.40219.1
Project("{9A19103F-16F7-4668-BE54-9A1E7A4F7556}") = "Wu.CommTool", "Wu.CommTool\Wu.CommTool.csproj", "{44756F51-56DA-46B4-8240-65B8E77FA818}"
EndProject
Project("{9A19103F-16F7-4668-BE54-9A1E7A4F7556}") = "Test", "Test\Test.csproj", "{895331C5-327A-4327-9B36-310072CA94CF}"
EndProject
Project("{2150E333-8FDC-42A3-9474-1A3956D46DE8}") = "解决方案项", "解决方案项", "{95EC04C0-017D-4017-8891-3B531258A076}"
	ProjectSection(SolutionItems) = preProject
		LICENSE.txt = LICENSE.txt
	EndProjectSection
EndProject
Project("{2150E333-8FDC-42A3-9474-1A3956D46DE8}") = "Modules", "Modules", "{3BC16164-D552-45D4-A500-4262CF548710}"
EndProject
Project("{9A19103F-16F7-4668-BE54-9A1E7A4F7556}") = "Wu.CommTool.Core", "Wu.CommTool.Core\Wu.CommTool.Core.csproj", "{148FD692-6990-46A1-9659-D48BAC6DC1FA}"
EndProject
Project("{9A19103F-16F7-4668-BE54-9A1E7A4F7556}") = "Wu.CommTool.Modules.ConvertTools", "Wu.CommTool.Modules.ConvertTools\Wu.CommTool.Modules.ConvertTools.csproj", "{9F1F211B-B89B-45D1-B7B6-5ADC31C0ED67}"
EndProject
Project("{2150E333-8FDC-42A3-9474-1A3956D46DE8}") = "Tests", "Tests", "{F3EDE274-21EF-4108-B0F8-ACCAF64D4B2B}"
EndProject
Project("{9A19103F-16F7-4668-BE54-9A1E7A4F7556}") = "Wu.CommTool.Shared", "Wu.CommTool.Shared\Wu.CommTool.Shared.csproj", "{B3F61F10-070F-415A-BBBD-8F3B0B38D384}"
EndProject
Project("{FAE04EC0-301F-11D3-BF4B-00C04F79EFBC}") = "Wu.CommTool.Modules.About", "Wu.CommTool.Modules.About\Wu.CommTool.Modules.About.csproj", "{207386E6-B52B-4675-AF29-E778F8A0973C}"
EndProject
Global
	GlobalSection(SolutionConfigurationPlatforms) = preSolution
		Debug|Any CPU = Debug|Any CPU
		Release|Any CPU = Release|Any CPU
	EndGlobalSection
	GlobalSection(ProjectConfigurationPlatforms) = postSolution
		{44756F51-56DA-46B4-8240-65B8E77FA818}.Debug|Any CPU.ActiveCfg = Debug|Any CPU
		{44756F51-56DA-46B4-8240-65B8E77FA818}.Debug|Any CPU.Build.0 = Debug|Any CPU
		{44756F51-56DA-46B4-8240-65B8E77FA818}.Release|Any CPU.ActiveCfg = Release|Any CPU
		{44756F51-56DA-46B4-8240-65B8E77FA818}.Release|Any CPU.Build.0 = Release|Any CPU
		{895331C5-327A-4327-9B36-310072CA94CF}.Debug|Any CPU.ActiveCfg = Debug|Any CPU
		{895331C5-327A-4327-9B36-310072CA94CF}.Debug|Any CPU.Build.0 = Debug|Any CPU
		{895331C5-327A-4327-9B36-310072CA94CF}.Release|Any CPU.ActiveCfg = Release|Any CPU
		{895331C5-327A-4327-9B36-310072CA94CF}.Release|Any CPU.Build.0 = Release|Any CPU
		{148FD692-6990-46A1-9659-D48BAC6DC1FA}.Debug|Any CPU.ActiveCfg = Debug|Any CPU
		{148FD692-6990-46A1-9659-D48BAC6DC1FA}.Debug|Any CPU.Build.0 = Debug|Any CPU
		{148FD692-6990-46A1-9659-D48BAC6DC1FA}.Release|Any CPU.ActiveCfg = Release|Any CPU
		{148FD692-6990-46A1-9659-D48BAC6DC1FA}.Release|Any CPU.Build.0 = Release|Any CPU
		{9F1F211B-B89B-45D1-B7B6-5ADC31C0ED67}.Debug|Any CPU.ActiveCfg = Debug|Any CPU
		{9F1F211B-B89B-45D1-B7B6-5ADC31C0ED67}.Debug|Any CPU.Build.0 = Debug|Any CPU
		{9F1F211B-B89B-45D1-B7B6-5ADC31C0ED67}.Release|Any CPU.ActiveCfg = Release|Any CPU
		{9F1F211B-B89B-45D1-B7B6-5ADC31C0ED67}.Release|Any CPU.Build.0 = Release|Any CPU
		{B3F61F10-070F-415A-BBBD-8F3B0B38D384}.Debug|Any CPU.ActiveCfg = Debug|Any CPU
		{B3F61F10-070F-415A-BBBD-8F3B0B38D384}.Debug|Any CPU.Build.0 = Debug|Any CPU
		{B3F61F10-070F-415A-BBBD-8F3B0B38D384}.Release|Any CPU.ActiveCfg = Release|Any CPU
		{B3F61F10-070F-415A-BBBD-8F3B0B38D384}.Release|Any CPU.Build.0 = Release|Any CPU
		{207386E6-B52B-4675-AF29-E778F8A0973C}.Debug|Any CPU.ActiveCfg = Debug|Any CPU
		{207386E6-B52B-4675-AF29-E778F8A0973C}.Debug|Any CPU.Build.0 = Debug|Any CPU
		{207386E6-B52B-4675-AF29-E778F8A0973C}.Release|Any CPU.ActiveCfg = Release|Any CPU
		{207386E6-B52B-4675-AF29-E778F8A0973C}.Release|Any CPU.Build.0 = Release|Any CPU
	EndGlobalSection
	GlobalSection(SolutionProperties) = preSolution
		HideSolutionNode = FALSE
	EndGlobalSection
	GlobalSection(NestedProjects) = preSolution
		{895331C5-327A-4327-9B36-310072CA94CF} = {F3EDE274-21EF-4108-B0F8-ACCAF64D4B2B}
		{9F1F211B-B89B-45D1-B7B6-5ADC31C0ED67} = {3BC16164-D552-45D4-A500-4262CF548710}
		{207386E6-B52B-4675-AF29-E778F8A0973C} = {3BC16164-D552-45D4-A500-4262CF548710}
	EndGlobalSection
	GlobalSection(ExtensibilityGlobals) = postSolution
		SolutionGuid = {0AE7DA9F-D788-49F4-9DCA-61FBD58DBFE9}
	EndGlobalSection
EndGlobal
