
Microsoft Visual Studio Solution File, Format Version 12.00
# Visual Studio Version 17
VisualStudioVersion = 17.3.32708.82
MinimumVisualStudioVersion = 10.0.40219.1
Project("{FAE04EC0-301F-11D3-BF4B-00C04F79EFBC}") = "Wu.ComTool", "Wu.ComTool\Wu.ComTool.csproj", "{E87401D1-EF93-4341-85B3-CE123ACE0AD3}"
EndProject
Global
	GlobalSection(SolutionConfigurationPlatforms) = preSolution
		Debug|Any CPU = Debug|Any CPU
		Release|Any CPU = Release|Any CPU
	EndGlobalSection
	GlobalSection(ProjectConfigurationPlatforms) = postSolution
		{E87401D1-EF93-4341-85B3-CE123ACE0AD3}.Debug|Any CPU.ActiveCfg = Debug|Any CPU
		{E87401D1-EF93-4341-85B3-CE123ACE0AD3}.Debug|Any CPU.Build.0 = Debug|Any CPU
		{E87401D1-EF93-4341-85B3-CE123ACE0AD3}.Release|Any CPU.ActiveCfg = Release|Any CPU
		{E87401D1-EF93-4341-85B3-CE123ACE0AD3}.Release|Any CPU.Build.0 = Release|Any CPU
	EndGlobalSection
	GlobalSection(SolutionProperties) = preSolution
		HideSolutionNode = FALSE
	EndGlobalSection
	GlobalSection(ExtensibilityGlobals) = postSolution
		SolutionGuid = {0AE7DA9F-D788-49F4-9DCA-61FBD58DBFE9}
	EndGlobalSection
EndGlobal
